{
	"name": "@ekino/api-toolkit-validation",
	"version": "0.1.0",
	"lockfileVersion": 1,
	"requires": true,
	"dependencies": {
		"@types/joi": {
			"version": "14.3.1",
			"resolved": "https://registry.npmjs.org/@types/joi/-/joi-14.3.1.tgz",
			"integrity": "sha512-1kAPyOBvPPQoWOV4b1qT2SRJrQbYY9kz6h5DV8fNgSW0+/Ma+aDLQDACISC1M982uWwjAgsMEVXdalA/+IhvaA==",
			"dev": true
		},
		"@types/lodash": {
			"version": "4.14.121",
			"resolved": "https://registry.npmjs.org/@types/lodash/-/lodash-4.14.121.tgz",
			"integrity": "sha512-ORj7IBWj13iYufXt/VXrCNMbUuCTJfhzme5kx9U/UtcIPdJYuvPDUAlHlbNhz/8lKCLy9XGIZnGrqXOtQbPGoQ==",
			"dev": true
		},
		"@types/lodash.defaultsdeep": {
			"version": "4.6.5",
			"resolved": "https://registry.npmjs.org/@types/lodash.defaultsdeep/-/lodash.defaultsdeep-4.6.5.tgz",
			"integrity": "sha512-8RTwF3nVhU5Eicc7bvkGc5v9lrEcqRu8jCuNSOUGyc/cUgJitJ9RydZMzAgf4ZossGWZcxRZe8wLwuCMqVMNGg==",
			"dev": true,
			"requires": {
				"@types/lodash": "*"
			}
		},
		"hoek": {
			"version": "6.1.2",
			"resolved": "https://registry.npmjs.org/hoek/-/hoek-6.1.2.tgz",
			"integrity": "sha512-6qhh/wahGYZHFSFw12tBbJw5fsAhhwrrG/y3Cs0YMTv2WzMnL0oLPnQJjv1QJvEfylRSOFuP+xCu+tdx0tD16Q==",
			"dev": true
		},
		"isemail": {
			"version": "3.2.0",
			"resolved": "https://registry.npmjs.org/isemail/-/isemail-3.2.0.tgz",
			"integrity": "sha512-zKqkK+O+dGqevc93KNsbZ/TqTUFd46MwWjYOoMrjIMZ51eU7DtQG3Wmd9SQQT7i7RVnuTPEiYEWHU3MSbxC1Tg==",
			"dev": true,
			"requires": {
				"punycode": "2.x.x"
			}
		},
		"joi": {
			"version": "14.3.1",
			"resolved": "https://registry.npmjs.org/joi/-/joi-14.3.1.tgz",
			"integrity": "sha512-LQDdM+pkOrpAn4Lp+neNIFV3axv1Vna3j38bisbQhETPMANYRbFJFUyOZcOClYvM/hppMhGWuKSFEK9vjrB+bQ==",
			"dev": true,
			"requires": {
				"hoek": "6.x.x",
				"isemail": "3.x.x",
				"topo": "3.x.x"
			}
		},
		"lodash.defaultsdeep": {
			"version": "4.6.0",
			"resolved": "https://registry.npmjs.org/lodash.defaultsdeep/-/lodash.defaultsdeep-4.6.0.tgz",
			"integrity": "sha1-vsECT4WxvZbL6kBbI8FK1kQ6b4E="
		},
		"punycode": {
			"version": "2.1.1",
			"resolved": "https://registry.npmjs.org/punycode/-/punycode-2.1.1.tgz",
			"integrity": "sha512-XRsRjdf+j5ml+y/6GKHPZbrF/8p2Yga0JPtdqTIY2Xe5ohJPD9saDJJLPvp9+NSBprVvevdXZybnj2cv8OEd0A==",
			"dev": true
		},
		"topo": {
			"version": "3.0.3",
			"resolved": "https://registry.npmjs.org/topo/-/topo-3.0.3.tgz",
			"integrity": "sha512-IgpPtvD4kjrJ7CRA3ov2FhWQADwv+Tdqbsf1ZnPUSAtCJ9e1Z44MmoSGDXGk4IppoZA7jd/QRkNddlLJWlUZsQ==",
			"dev": true,
			"requires": {
				"hoek": "6.x.x"
			}
		}
	}
}
